
Microsoft Visual Studio Solution File, Format Version 12.00
# Visual Studio Version 16
VisualStudioVersion = 25.0.1706.0
MinimumVisualStudioVersion = 10.0.40219.1
Project("{FAE04EC0-301F-11D3-BF4B-00C04F79EFBC}") = "CoroDr.API", "CoroDr.API\CoroDr.API.csproj", "{FDBDB146-0428-4A4B-AC97-BF13BF066939}"
EndProject
Project("{FAE04EC0-301F-11D3-BF4B-00C04F79EFBC}") = "Catalog.API", "Catalog.API\Catalog.API.csproj", "{0C9267E8-5C05-446B-8D1B-8A750D38DF31}"
EndProject
Project("{FAE04EC0-301F-11D3-BF4B-00C04F79EFBC}") = "Identity.API", "Identity.API\Identity.API.csproj", "{B908FA9F-C756-419B-8330-3AA1E4EE2A1E}"
EndProject
Project("{FAE04EC0-301F-11D3-BF4B-00C04F79EFBC}") = "Order.API", "Order.API\Order.API.csproj", "{6B16D2D3-BD32-40B9-A76D-F741BC9F6ABB}"
EndProject
Project("{FAE04EC0-301F-11D3-BF4B-00C04F79EFBC}") = "Payment.API", "Payment.API\Payment.API.csproj", "{54733D51-CDC0-4F21-A044-617A843EC3B2}"
EndProject
Project("{FAE04EC0-301F-11D3-BF4B-00C04F79EFBC}") = "Basket.API", "Basket.API\Basket.API.csproj", "{C1ACFFA7-3C15-4E81-8094-B7CC9F051046}"
EndProject
Project("{FAE04EC0-301F-11D3-BF4B-00C04F79EFBC}") = "EventBus", "EventBus\EventBus.csproj", "{6B404EA7-040C-482E-AD12-0B7627A0B24B}"
EndProject
Project("{FAE04EC0-301F-11D3-BF4B-00C04F79EFBC}") = "RabbitMQ", "RabbitMQ\RabbitMQ.csproj", "{7E74F1BD-2377-4044-8661-032DE420F156}"
EndProject
Project("{FAE04EC0-301F-11D3-BF4B-00C04F79EFBC}") = "Service.Common", "Service.Common\Service.Common.csproj", "{FCECE2D5-9F25-46D5-8C34-82D003192EAE}"
EndProject
Global
	GlobalSection(SolutionConfigurationPlatforms) = preSolution
		Debug|Any CPU = Debug|Any CPU
		Release|Any CPU = Release|Any CPU
	EndGlobalSection
	GlobalSection(ProjectConfigurationPlatforms) = postSolution
		{FDBDB146-0428-4A4B-AC97-BF13BF066939}.Debug|Any CPU.ActiveCfg = Debug|Any CPU
		{FDBDB146-0428-4A4B-AC97-BF13BF066939}.Debug|Any CPU.Build.0 = Debug|Any CPU
		{FDBDB146-0428-4A4B-AC97-BF13BF066939}.Release|Any CPU.ActiveCfg = Release|Any CPU
		{FDBDB146-0428-4A4B-AC97-BF13BF066939}.Release|Any CPU.Build.0 = Release|Any CPU
		{0C9267E8-5C05-446B-8D1B-8A750D38DF31}.Debug|Any CPU.ActiveCfg = Debug|Any CPU
		{0C9267E8-5C05-446B-8D1B-8A750D38DF31}.Debug|Any CPU.Build.0 = Debug|Any CPU
		{0C9267E8-5C05-446B-8D1B-8A750D38DF31}.Release|Any CPU.ActiveCfg = Release|Any CPU
		{0C9267E8-5C05-446B-8D1B-8A750D38DF31}.Release|Any CPU.Build.0 = Release|Any CPU
		{B908FA9F-C756-419B-8330-3AA1E4EE2A1E}.Debug|Any CPU.ActiveCfg = Debug|Any CPU
		{B908FA9F-C756-419B-8330-3AA1E4EE2A1E}.Debug|Any CPU.Build.0 = Debug|Any CPU
		{B908FA9F-C756-419B-8330-3AA1E4EE2A1E}.Release|Any CPU.ActiveCfg = Release|Any CPU
		{B908FA9F-C756-419B-8330-3AA1E4EE2A1E}.Release|Any CPU.Build.0 = Release|Any CPU
		{6B16D2D3-BD32-40B9-A76D-F741BC9F6ABB}.Debug|Any CPU.ActiveCfg = Debug|Any CPU
		{6B16D2D3-BD32-40B9-A76D-F741BC9F6ABB}.Debug|Any CPU.Build.0 = Debug|Any CPU
		{6B16D2D3-BD32-40B9-A76D-F741BC9F6ABB}.Release|Any CPU.ActiveCfg = Release|Any CPU
		{6B16D2D3-BD32-40B9-A76D-F741BC9F6ABB}.Release|Any CPU.Build.0 = Release|Any CPU
		{54733D51-CDC0-4F21-A044-617A843EC3B2}.Debug|Any CPU.ActiveCfg = Debug|Any CPU
		{54733D51-CDC0-4F21-A044-617A843EC3B2}.Debug|Any CPU.Build.0 = Debug|Any CPU
		{54733D51-CDC0-4F21-A044-617A843EC3B2}.Release|Any CPU.ActiveCfg = Release|Any CPU
		{54733D51-CDC0-4F21-A044-617A843EC3B2}.Release|Any CPU.Build.0 = Release|Any CPU
		{C1ACFFA7-3C15-4E81-8094-B7CC9F051046}.Debug|Any CPU.ActiveCfg = Debug|Any CPU
		{C1ACFFA7-3C15-4E81-8094-B7CC9F051046}.Debug|Any CPU.Build.0 = Debug|Any CPU
		{C1ACFFA7-3C15-4E81-8094-B7CC9F051046}.Release|Any CPU.ActiveCfg = Release|Any CPU
		{C1ACFFA7-3C15-4E81-8094-B7CC9F051046}.Release|Any CPU.Build.0 = Release|Any CPU
		{6B404EA7-040C-482E-AD12-0B7627A0B24B}.Debug|Any CPU.ActiveCfg = Debug|Any CPU
		{6B404EA7-040C-482E-AD12-0B7627A0B24B}.Debug|Any CPU.Build.0 = Debug|Any CPU
		{6B404EA7-040C-482E-AD12-0B7627A0B24B}.Release|Any CPU.ActiveCfg = Release|Any CPU
		{6B404EA7-040C-482E-AD12-0B7627A0B24B}.Release|Any CPU.Build.0 = Release|Any CPU
		{7E74F1BD-2377-4044-8661-032DE420F156}.Debug|Any CPU.ActiveCfg = Debug|Any CPU
		{7E74F1BD-2377-4044-8661-032DE420F156}.Debug|Any CPU.Build.0 = Debug|Any CPU
		{7E74F1BD-2377-4044-8661-032DE420F156}.Release|Any CPU.ActiveCfg = Release|Any CPU
		{7E74F1BD-2377-4044-8661-032DE420F156}.Release|Any CPU.Build.0 = Release|Any CPU
		{FCECE2D5-9F25-46D5-8C34-82D003192EAE}.Debug|Any CPU.ActiveCfg = Debug|Any CPU
		{FCECE2D5-9F25-46D5-8C34-82D003192EAE}.Debug|Any CPU.Build.0 = Debug|Any CPU
		{FCECE2D5-9F25-46D5-8C34-82D003192EAE}.Release|Any CPU.ActiveCfg = Release|Any CPU
		{FCECE2D5-9F25-46D5-8C34-82D003192EAE}.Release|Any CPU.Build.0 = Release|Any CPU
	EndGlobalSection
	GlobalSection(SolutionProperties) = preSolution
		HideSolutionNode = FALSE
	EndGlobalSection
	GlobalSection(ExtensibilityGlobals) = postSolution
		SolutionGuid = {196FAB78-2CE3-42E2-AF9D-4B201EEFEF33}
	EndGlobalSection
EndGlobal
